
Microsoft Visual Studio Solution File, Format Version 12.00
# Visual Studio Version 17
VisualStudioVersion = 17.14.36414.22 d17.14
MinimumVisualStudioVersion = 10.0.40219.1
Project("{FAE04EC0-301F-11D3-BF4B-00C04F79EFBC}") = "Employee_Management_System", "Employee_Management_System.csproj", "{BBD99526-FFD2-4F0A-BD1B-CAD6670206F8}"
EndProject
Global
	GlobalSection(SolutionConfigurationPlatforms) = preSolution
		Debug|Any CPU = Debug|Any CPU
		Release|Any CPU = Release|Any CPU
	EndGlobalSection
	GlobalSection(ProjectConfigurationPlatforms) = postSolution
		{BBD99526-FFD2-4F0A-BD1B-CAD6670206F8}.Debug|Any CPU.ActiveCfg = Debug|Any CPU
		{BBD99526-FFD2-4F0A-BD1B-CAD6670206F8}.Debug|Any CPU.Build.0 = Debug|Any CPU
		{BBD99526-FFD2-4F0A-BD1B-CAD6670206F8}.Release|Any CPU.ActiveCfg = Release|Any CPU
		{BBD99526-FFD2-4F0A-BD1B-CAD6670206F8}.Release|Any CPU.Build.0 = Release|Any CPU
	EndGlobalSection
	GlobalSection(SolutionProperties) = preSolution
		HideSolutionNode = FALSE
	EndGlobalSection
	GlobalSection(ExtensibilityGlobals) = postSolution
		SolutionGuid = {6C57F6F9-03B1-49C3-ADBB-03B70B31A967}
	EndGlobalSection
EndGlobal
